// !$*UTF8*$!
{
	archiveVersion = 1;
	classes = {
	};
	objectVersion = 46;
	objects = {

/* Begin PBXBuildFile section */
		FAE92E081ADB005D006A1A72 /* main.m in Sources */ = {isa = PBXBuildFile; fileRef = FAE92E071ADB005D006A1A72 /* main.m */; };
		FAE92E0B1ADB005D006A1A72 /* AppDelegate.m in Sources */ = {isa = PBXBuildFile; fileRef = FAE92E0A1ADB005D006A1A72 /* AppDelegate.m */; };
		FAE92E0E1ADB005D006A1A72 /* FirstViewController.m in Sources */ = {isa = PBXBuildFile; fileRef = FAE92E0D1ADB005D006A1A72 /* FirstViewController.m */; };
		FAE92E111ADB005D006A1A72 /* SecondViewController.m in Sources */ = {isa = PBXBuildFile; fileRef = FAE92E101ADB005D006A1A72 /* SecondViewController.m */; };
		FAE92E141ADB005D006A1A72 /* Main.storyboard in Resources */ = {isa = PBXBuildFile; fileRef = FAE92E121ADB005D006A1A72 /* Main.storyboard */; };
		FAE92E161ADB005E006A1A72 /* Images.xcassets in Resources */ = {isa = PBXBuildFile; fileRef = FAE92E151ADB005E006A1A72 /* Images.xcassets */; };
		FAE92E191ADB005E006A1A72 /* LaunchScreen.xib in Resources */ = {isa = PBXBuildFile; fileRef = FAE92E171ADB005E006A1A72 /* LaunchScreen.xib */; };
		FAE92E251ADB005E006A1A72 /* PenPalApp2_3Tests.m in Sources */ = {isa = PBXBuildFile; fileRef = FAE92E241ADB005E006A1A72 /* PenPalApp2_3Tests.m */; };
		FAE92E301ADB0193006A1A72 /* MainView.m in Sources */ = {isa = PBXBuildFile; fileRef = FAE92E2F1ADB0193006A1A72 /* MainView.m */; };
		FAE92E381ADB04BC006A1A72 /* InitView.m in Sources */ = {isa = PBXBuildFile; fileRef = FAE92E371ADB04BC006A1A72 /* InitView.m */; };
		FAE92E3B1ADB0A87006A1A72 /* LoginPage.m in Sources */ = {isa = PBXBuildFile; fileRef = FAE92E3A1ADB0A87006A1A72 /* LoginPage.m */; };
		FAE92E3E1ADBFACF006A1A72 /* ForgotLoginInfo.m in Sources */ = {isa = PBXBuildFile; fileRef = FAE92E3D1ADBFACF006A1A72 /* ForgotLoginInfo.m */; };
		FAE92E411ADC1ED8006A1A72 /* SignupPage.m in Sources */ = {isa = PBXBuildFile; fileRef = FAE92E401ADC1ED8006A1A72 /* SignupPage.m */; };
		FAE92E441ADC67BF006A1A72 /* SignupOptions.m in Sources */ = {isa = PBXBuildFile; fileRef = FAE92E431ADC67BF006A1A72 /* SignupOptions.m */; };
/* End PBXBuildFile section */

/* Begin PBXContainerItemProxy section */
		FAE92E1F1ADB005E006A1A72 /* PBXContainerItemProxy */ = {
			isa = PBXContainerItemProxy;
			containerPortal = FAE92DFA1ADB005D006A1A72 /* Project object */;
			proxyType = 1;
			remoteGlobalIDString = FAE92E011ADB005D006A1A72;
			remoteInfo = PenPalApp2.3;
		};
/* End PBXContainerItemProxy section */

/* Begin PBXFileReference section */
		FAE92E021ADB005D006A1A72 /* PenPalApp2.3.app */ = {isa = PBXFileReference; explicitFileType = wrapper.application; includeInIndex = 0; path = PenPalApp2.3.app; sourceTree = BUILT_PRODUCTS_DIR; };
		FAE92E061ADB005D006A1A72 /* Info.plist */ = {isa = PBXFileReference; lastKnownFileType = text.plist.xml; path = Info.plist; sourceTree = "<group>"; };
		FAE92E071ADB005D006A1A72 /* main.m */ = {isa = PBXFileReference; lastKnownFileType = sourcecode.c.objc; path = main.m; sourceTree = "<group>"; };
		FAE92E091ADB005D006A1A72 /* AppDelegate.h */ = {isa = PBXFileReference; lastKnownFileType = sourcecode.c.h; path = AppDelegate.h; sourceTree = "<group>"; };
		FAE92E0A1ADB005D006A1A72 /* AppDelegate.m */ = {isa = PBXFileReference; lastKnownFileType = sourcecode.c.objc; path = AppDelegate.m; sourceTree = "<group>"; };
		FAE92E0C1ADB005D006A1A72 /* FirstViewController.h */ = {isa = PBXFileReference; lastKnownFileType = sourcecode.c.h; path = FirstViewController.h; sourceTree = "<group>"; };
		FAE92E0D1ADB005D006A1A72 /* FirstViewController.m */ = {isa = PBXFileReference; lastKnownFileType = sourcecode.c.objc; path = FirstViewController.m; sourceTree = "<group>"; };
		FAE92E0F1ADB005D006A1A72 /* SecondViewController.h */ = {isa = PBXFileReference; lastKnownFileType = sourcecode.c.h; path = SecondViewController.h; sourceTree = "<group>"; };
		FAE92E101ADB005D006A1A72 /* SecondViewController.m */ = {isa = PBXFileReference; lastKnownFileType = sourcecode.c.objc; path = SecondViewController.m; sourceTree = "<group>"; };
		FAE92E131ADB005D006A1A72 /* Base */ = {isa = PBXFileReference; lastKnownFileType = file.storyboard; name = Base; path = Base.lproj/Main.storyboard; sourceTree = "<group>"; };
		FAE92E151ADB005E006A1A72 /* Images.xcassets */ = {isa = PBXFileReference; lastKnownFileType = folder.assetcatalog; path = Images.xcassets; sourceTree = "<group>"; };
		FAE92E181ADB005E006A1A72 /* Base */ = {isa = PBXFileReference; lastKnownFileType = file.xib; name = Base; path = Base.lproj/LaunchScreen.xib; sourceTree = "<group>"; };
		FAE92E1E1ADB005E006A1A72 /* PenPalApp2.3Tests.xctest */ = {isa = PBXFileReference; explicitFileType = wrapper.cfbundle; includeInIndex = 0; path = PenPalApp2.3Tests.xctest; sourceTree = BUILT_PRODUCTS_DIR; };
		FAE92E231ADB005E006A1A72 /* Info.plist */ = {isa = PBXFileReference; lastKnownFileType = text.plist.xml; path = Info.plist; sourceTree = "<group>"; };
		FAE92E241ADB005E006A1A72 /* PenPalApp2_3Tests.m */ = {isa = PBXFileReference; lastKnownFileType = sourcecode.c.objc; path = PenPalApp2_3Tests.m; sourceTree = "<group>"; };
		FAE92E2E1ADB0193006A1A72 /* MainView.h */ = {isa = PBXFileReference; fileEncoding = 4; lastKnownFileType = sourcecode.c.h; path = MainView.h; sourceTree = "<group>"; };
		FAE92E2F1ADB0193006A1A72 /* MainView.m */ = {isa = PBXFileReference; fileEncoding = 4; lastKnownFileType = sourcecode.c.objc; path = MainView.m; sourceTree = "<group>"; };
		FAE92E361ADB04BC006A1A72 /* InitView.h */ = {isa = PBXFileReference; fileEncoding = 4; lastKnownFileType = sourcecode.c.h; path = InitView.h; sourceTree = "<group>"; };
		FAE92E371ADB04BC006A1A72 /* InitView.m */ = {isa = PBXFileReference; fileEncoding = 4; lastKnownFileType = sourcecode.c.objc; path = InitView.m; sourceTree = "<group>"; };
		FAE92E391ADB0A87006A1A72 /* LoginPage.h */ = {isa = PBXFileReference; fileEncoding = 4; lastKnownFileType = sourcecode.c.h; path = LoginPage.h; sourceTree = "<group>"; };
		FAE92E3A1ADB0A87006A1A72 /* LoginPage.m */ = {isa = PBXFileReference; fileEncoding = 4; lastKnownFileType = sourcecode.c.objc; path = LoginPage.m; sourceTree = "<group>"; };
		FAE92E3C1ADBFACF006A1A72 /* ForgotLoginInfo.h */ = {isa = PBXFileReference; fileEncoding = 4; lastKnownFileType = sourcecode.c.h; path = ForgotLoginInfo.h; sourceTree = "<group>"; };
		FAE92E3D1ADBFACF006A1A72 /* ForgotLoginInfo.m */ = {isa = PBXFileReference; fileEncoding = 4; lastKnownFileType = sourcecode.c.objc; path = ForgotLoginInfo.m; sourceTree = "<group>"; };
		FAE92E3F1ADC1ED8006A1A72 /* SignupPage.h */ = {isa = PBXFileReference; fileEncoding = 4; lastKnownFileType = sourcecode.c.h; path = SignupPage.h; sourceTree = "<group>"; };
		FAE92E401ADC1ED8006A1A72 /* SignupPage.m */ = {isa = PBXFileReference; fileEncoding = 4; lastKnownFileType = sourcecode.c.objc; path = SignupPage.m; sourceTree = "<group>"; };
		FAE92E421ADC67BF006A1A72 /* SignupOptions.h */ = {isa = PBXFileReference; fileEncoding = 4; lastKnownFileType = sourcecode.c.h; path = SignupOptions.h; sourceTree = "<group>"; };
		FAE92E431ADC67BF006A1A72 /* SignupOptions.m */ = {isa = PBXFileReference; fileEncoding = 4; lastKnownFileType = sourcecode.c.objc; path = SignupOptions.m; sourceTree = "<group>"; };
/* End PBXFileReference section */

/* Begin PBXFrameworksBuildPhase section */
		FAE92DFF1ADB005D006A1A72 /* Frameworks */ = {
			isa = PBXFrameworksBuildPhase;
			buildActionMask = 2147483647;
			files = (
			);
			runOnlyForDeploymentPostprocessing = 0;
		};
		FAE92E1B1ADB005E006A1A72 /* Frameworks */ = {
			isa = PBXFrameworksBuildPhase;
			buildActionMask = 2147483647;
			files = (
			);
			runOnlyForDeploymentPostprocessing = 0;
		};
/* End PBXFrameworksBuildPhase section */

/* Begin PBXGroup section */
		FAE92DF91ADB005D006A1A72 = {
			isa = PBXGroup;
			children = (
				FAE92E041ADB005D006A1A72 /* PenPalApp2.3 */,
				FAE92E211ADB005E006A1A72 /* PenPalApp2.3Tests */,
				FAE92E031ADB005D006A1A72 /* Products */,
			);
			sourceTree = "<group>";
		};
		FAE92E031ADB005D006A1A72 /* Products */ = {
			isa = PBXGroup;
			children = (
				FAE92E021ADB005D006A1A72 /* PenPalApp2.3.app */,
				FAE92E1E1ADB005E006A1A72 /* PenPalApp2.3Tests.xctest */,
			);
			name = Products;
			sourceTree = "<group>";
		};
		FAE92E041ADB005D006A1A72 /* PenPalApp2.3 */ = {
			isa = PBXGroup;
			children = (
				FAE92E091ADB005D006A1A72 /* AppDelegate.h */,
				FAE92E0A1ADB005D006A1A72 /* AppDelegate.m */,
				FAE92E0C1ADB005D006A1A72 /* FirstViewController.h */,
				FAE92E0D1ADB005D006A1A72 /* FirstViewController.m */,
				FAE92E0F1ADB005D006A1A72 /* SecondViewController.h */,
				FAE92E101ADB005D006A1A72 /* SecondViewController.m */,
				FAE92E121ADB005D006A1A72 /* Main.storyboard */,
				FAE92E2E1ADB0193006A1A72 /* MainView.h */,
				FAE92E2F1ADB0193006A1A72 /* MainView.m */,
				FAE92E361ADB04BC006A1A72 /* InitView.h */,
				FAE92E371ADB04BC006A1A72 /* InitView.m */,
				FAE92E391ADB0A87006A1A72 /* LoginPage.h */,
				FAE92E3A1ADB0A87006A1A72 /* LoginPage.m */,
				FAE92E3C1ADBFACF006A1A72 /* ForgotLoginInfo.h */,
				FAE92E3D1ADBFACF006A1A72 /* ForgotLoginInfo.m */,
				FAE92E3F1ADC1ED8006A1A72 /* SignupPage.h */,
				FAE92E401ADC1ED8006A1A72 /* SignupPage.m */,
				FAE92E421ADC67BF006A1A72 /* SignupOptions.h */,
				FAE92E431ADC67BF006A1A72 /* SignupOptions.m */,
				FAE92E151ADB005E006A1A72 /* Images.xcassets */,
				FAE92E171ADB005E006A1A72 /* LaunchScreen.xib */,
				FAE92E051ADB005D006A1A72 /* Supporting Files */,
			);
			path = PenPalApp2.3;
			sourceTree = "<group>";
		};
		FAE92E051ADB005D006A1A72 /* Supporting Files */ = {
			isa = PBXGroup;
			children = (
				FAE92E061ADB005D006A1A72 /* Info.plist */,
				FAE92E071ADB005D006A1A72 /* main.m */,
			);
			name = "Supporting Files";
			sourceTree = "<group>";
		};
		FAE92E211ADB005E006A1A72 /* PenPalApp2.3Tests */ = {
			isa = PBXGroup;
			children = (
				FAE92E241ADB005E006A1A72 /* PenPalApp2_3Tests.m */,
				FAE92E221ADB005E006A1A72 /* Supporting Files */,
			);
			path = PenPalApp2.3Tests;
			sourceTree = "<group>";
		};
		FAE92E221ADB005E006A1A72 /* Supporting Files */ = {
			isa = PBXGroup;
			children = (
				FAE92E231ADB005E006A1A72 /* Info.plist */,
			);
			name = "Supporting Files";
			sourceTree = "<group>";
		};
/* End PBXGroup section */

/* Begin PBXNativeTarget section */
		FAE92E011ADB005D006A1A72 /* PenPalApp2.3 */ = {
			isa = PBXNativeTarget;
			buildConfigurationList = FAE92E281ADB005E006A1A72 /* Build configuration list for PBXNativeTarget "PenPalApp2.3" */;
			buildPhases = (
				FAE92DFE1ADB005D006A1A72 /* Sources */,
				FAE92DFF1ADB005D006A1A72 /* Frameworks */,
				FAE92E001ADB005D006A1A72 /* Resources */,
			);
			buildRules = (
			);
			dependencies = (
			);
			name = PenPalApp2.3;
			productName = PenPalApp2.3;
			productReference = FAE92E021ADB005D006A1A72 /* PenPalApp2.3.app */;
			productType = "com.apple.product-type.application";
		};
		FAE92E1D1ADB005E006A1A72 /* PenPalApp2.3Tests */ = {
			isa = PBXNativeTarget;
			buildConfigurationList = FAE92E2B1ADB005E006A1A72 /* Build configuration list for PBXNativeTarget "PenPalApp2.3Tests" */;
			buildPhases = (
				FAE92E1A1ADB005E006A1A72 /* Sources */,
				FAE92E1B1ADB005E006A1A72 /* Frameworks */,
				FAE92E1C1ADB005E006A1A72 /* Resources */,
			);
			buildRules = (
			);
			dependencies = (
				FAE92E201ADB005E006A1A72 /* PBXTargetDependency */,
			);
			name = PenPalApp2.3Tests;
			productName = PenPalApp2.3Tests;
			productReference = FAE92E1E1ADB005E006A1A72 /* PenPalApp2.3Tests.xctest */;
			productType = "com.apple.product-type.bundle.unit-test";
		};
/* End PBXNativeTarget section */

/* Begin PBXProject section */
		FAE92DFA1ADB005D006A1A72 /* Project object */ = {
			isa = PBXProject;
			attributes = {
				LastUpgradeCheck = 0630;
				ORGANIZATIONNAME = Computer;
				TargetAttributes = {
					FAE92E011ADB005D006A1A72 = {
						CreatedOnToolsVersion = 6.3;
						DevelopmentTeam = RL9TRLA734;
					};
					FAE92E1D1ADB005E006A1A72 = {
						CreatedOnToolsVersion = 6.3;
						TestTargetID = FAE92E011ADB005D006A1A72;
					};
				};
			};
			buildConfigurationList = FAE92DFD1ADB005D006A1A72 /* Build configuration list for PBXProject "PenPalApp2.3" */;
			compatibilityVersion = "Xcode 3.2";
			developmentRegion = English;
			hasScannedForEncodings = 0;
			knownRegions = (
				en,
				Base,
			);
			mainGroup = FAE92DF91ADB005D006A1A72;
			productRefGroup = FAE92E031ADB005D006A1A72 /* Products */;
			projectDirPath = "";
			projectRoot = "";
			targets = (
				FAE92E011ADB005D006A1A72 /* PenPalApp2.3 */,
				FAE92E1D1ADB005E006A1A72 /* PenPalApp2.3Tests */,
			);
		};
/* End PBXProject section */

/* Begin PBXResourcesBuildPhase section */
		FAE92E001ADB005D006A1A72 /* Resources */ = {
			isa = PBXResourcesBuildPhase;
			buildActionMask = 2147483647;
			files = (
				FAE92E141ADB005D006A1A72 /* Main.storyboard in Resources */,
				FAE92E191ADB005E006A1A72 /* LaunchScreen.xib in Resources */,
				FAE92E161ADB005E006A1A72 /* Images.xcassets in Resources */,
			);
			runOnlyForDeploymentPostprocessing = 0;
		};
		FAE92E1C1ADB005E006A1A72 /* Resources */ = {
			isa = PBXResourcesBuildPhase;
			buildActionMask = 2147483647;
			files = (
			);
			runOnlyForDeploymentPostprocessing = 0;
		};
/* End PBXResourcesBuildPhase section */

/* Begin PBXSourcesBuildPhase section */
		FAE92DFE1ADB005D006A1A72 /* Sources */ = {
			isa = PBXSourcesBuildPhase;
			buildActionMask = 2147483647;
			files = (
				FAE92E301ADB0193006A1A72 /* MainView.m in Sources */,
				FAE92E411ADC1ED8006A1A72 /* SignupPage.m in Sources */,
				FAE92E441ADC67BF006A1A72 /* SignupOptions.m in Sources */,
				FAE92E3B1ADB0A87006A1A72 /* LoginPage.m in Sources */,
				FAE92E3E1ADBFACF006A1A72 /* ForgotLoginInfo.m in Sources */,
				FAE92E111ADB005D006A1A72 /* SecondViewController.m in Sources */,
				FAE92E381ADB04BC006A1A72 /* InitView.m in Sources */,
				FAE92E0B1ADB005D006A1A72 /* AppDelegate.m in Sources */,
				FAE92E0E1ADB005D006A1A72 /* FirstViewController.m in Sources */,
				FAE92E081ADB005D006A1A72 /* main.m in Sources */,
			);
			runOnlyForDeploymentPostprocessing = 0;
		};
		FAE92E1A1ADB005E006A1A72 /* Sources */ = {
			isa = PBXSourcesBuildPhase;
			buildActionMask = 2147483647;
			files = (
				FAE92E251ADB005E006A1A72 /* PenPalApp2_3Tests.m in Sources */,
			);
			runOnlyForDeploymentPostprocessing = 0;
		};
/* End PBXSourcesBuildPhase section */

/* Begin PBXTargetDependency section */
		FAE92E201ADB005E006A1A72 /* PBXTargetDependency */ = {
			isa = PBXTargetDependency;
			target = FAE92E011ADB005D006A1A72 /* PenPalApp2.3 */;
			targetProxy = FAE92E1F1ADB005E006A1A72 /* PBXContainerItemProxy */;
		};
/* End PBXTargetDependency section */

/* Begin PBXVariantGroup section */
		FAE92E121ADB005D006A1A72 /* Main.storyboard */ = {
			isa = PBXVariantGroup;
			children = (
				FAE92E131ADB005D006A1A72 /* Base */,
			);
			name = Main.storyboard;
			sourceTree = "<group>";
		};
		FAE92E171ADB005E006A1A72 /* LaunchScreen.xib */ = {
			isa = PBXVariantGroup;
			children = (
				FAE92E181ADB005E006A1A72 /* Base */,
			);
			name = LaunchScreen.xib;
			sourceTree = "<group>";
		};
/* End PBXVariantGroup section */

/* Begin XCBuildConfiguration section */
		FAE92E261ADB005E006A1A72 /* Debug */ = {
			isa = XCBuildConfiguration;
			buildSettings = {
				ALWAYS_SEARCH_USER_PATHS = NO;
				CLANG_CXX_LANGUAGE_STANDARD = "gnu++0x";
				CLANG_CXX_LIBRARY = "libc++";
				CLANG_ENABLE_MODULES = YES;
				CLANG_ENABLE_OBJC_ARC = YES;
				CLANG_WARN_BOOL_CONVERSION = YES;
				CLANG_WARN_CONSTANT_CONVERSION = YES;
				CLANG_WARN_DIRECT_OBJC_ISA_USAGE = YES_ERROR;
				CLANG_WARN_EMPTY_BODY = YES;
				CLANG_WARN_ENUM_CONVERSION = YES;
				CLANG_WARN_INT_CONVERSION = YES;
				CLANG_WARN_OBJC_ROOT_CLASS = YES_ERROR;
				CLANG_WARN_UNREACHABLE_CODE = YES;
				CLANG_WARN__DUPLICATE_METHOD_MATCH = YES;
				"CODE_SIGN_IDENTITY[sdk=iphoneos*]" = "iPhone Developer";
				COPY_PHASE_STRIP = NO;
				DEBUG_INFORMATION_FORMAT = "dwarf-with-dsym";
				ENABLE_STRICT_OBJC_MSGSEND = YES;
				GCC_C_LANGUAGE_STANDARD = gnu99;
				GCC_DYNAMIC_NO_PIC = NO;
				GCC_NO_COMMON_BLOCKS = YES;
				GCC_OPTIMIZATION_LEVEL = 0;
				GCC_PREPROCESSOR_DEFINITIONS = (
					"DEBUG=1",
					"$(inherited)",
				);
				GCC_SYMBOLS_PRIVATE_EXTERN = NO;
				GCC_WARN_64_TO_32_BIT_CONVERSION = YES;
				GCC_WARN_ABOUT_RETURN_TYPE = YES_ERROR;
				GCC_WARN_UNDECLARED_SELECTOR = YES;
				GCC_WARN_UNINITIALIZED_AUTOS = YES_AGGRESSIVE;
				GCC_WARN_UNUSED_FUNCTION = YES;
				GCC_WARN_UNUSED_VARIABLE = YES;
				IPHONEOS_DEPLOYMENT_TARGET = 8.3;
				MTL_ENABLE_DEBUG_INFO = YES;
				ONLY_ACTIVE_ARCH = YES;
				SDKROOT = iphoneos;
			};
			name = Debug;
		};
		FAE92E271ADB005E006A1A72 /* Release */ = {
			isa = XCBuildConfiguration;
			buildSettings = {
				ALWAYS_SEARCH_USER_PATHS = NO;
				CLANG_CXX_LANGUAGE_STANDARD = "gnu++0x";
				CLANG_CXX_LIBRARY = "libc++";
				CLANG_ENABLE_MODULES = YES;
				CLANG_ENABLE_OBJC_ARC = YES;
				CLANG_WARN_BOOL_CONVERSION = YES;
				CLANG_WARN_CONSTANT_CONVERSION = YES;
				CLANG_WARN_DIRECT_OBJC_ISA_USAGE = YES_ERROR;
				CLANG_WARN_EMPTY_BODY = YES;
				CLANG_WARN_ENUM_CONVERSION = YES;
				CLANG_WARN_INT_CONVERSION = YES;
				CLANG_WARN_OBJC_ROOT_CLASS = YES_ERROR;
				CLANG_WARN_UNREACHABLE_CODE = YES;
				CLANG_WARN__DUPLICATE_METHOD_MATCH = YES;
				"CODE_SIGN_IDENTITY[sdk=iphoneos*]" = "iPhone Developer";
				COPY_PHASE_STRIP = NO;
				DEBUG_INFORMATION_FORMAT = "dwarf-with-dsym";
				ENABLE_NS_ASSERTIONS = NO;
				ENABLE_STRICT_OBJC_MSGSEND = YES;
				GCC_C_LANGUAGE_STANDARD = gnu99;
				GCC_NO_COMMON_BLOCKS = YES;
				GCC_WARN_64_TO_32_BIT_CONVERSION = YES;
				GCC_WARN_ABOUT_RETURN_TYPE = YES_ERROR;
				GCC_WARN_UNDECLARED_SELECTOR = YES;
				GCC_WARN_UNINITIALIZED_AUTOS = YES_AGGRESSIVE;
				GCC_WARN_UNUSED_FUNCTION = YES;
				GCC_WARN_UNUSED_VARIABLE = YES;
				IPHONEOS_DEPLOYMENT_TARGET = 8.3;
				MTL_ENABLE_DEBUG_INFO = NO;
				SDKROOT = iphoneos;
				VALIDATE_PRODUCT = YES;
			};
			name = Release;
		};
		FAE92E291ADB005E006A1A72 /* Debug */ = {
			isa = XCBuildConfiguration;
			buildSettings = {
				ASSETCATALOG_COMPILER_APPICON_NAME = AppIcon;
				CODE_SIGN_IDENTITY = "iPhone Developer";
				"CODE_SIGN_IDENTITY[sdk=iphoneos*]" = "iPhone Developer";
				INFOPLIST_FILE = PenPalApp2.3/Info.plist;
				IPHONEOS_DEPLOYMENT_TARGET = 8.1;
				LD_RUNPATH_SEARCH_PATHS = "$(inherited) @executable_path/Frameworks";
				PRODUCT_NAME = "$(TARGET_NAME)";
			};
			name = Debug;
		};
		FAE92E2A1ADB005E006A1A72 /* Release */ = {
			isa = XCBuildConfiguration;
			buildSettings = {
				ASSETCATALOG_COMPILER_APPICON_NAME = AppIcon;
				CODE_SIGN_IDENTITY = "iPhone Developer";
				INFOPLIST_FILE = PenPalApp2.3/Info.plist;
				IPHONEOS_DEPLOYMENT_TARGET = 8.1;
				LD_RUNPATH_SEARCH_PATHS = "$(inherited) @executable_path/Frameworks";
				PRODUCT_NAME = "$(TARGET_NAME)";
			};
			name = Release;
		};
		FAE92E2C1ADB005E006A1A72 /* Debug */ = {
			isa = XCBuildConfiguration;
			buildSettings = {
				BUNDLE_LOADER = "$(TEST_HOST)";
				FRAMEWORK_SEARCH_PATHS = (
					"$(SDKROOT)/Developer/Library/Frameworks",
					"$(inherited)",
				);
				GCC_PREPROCESSOR_DEFINITIONS = (
					"DEBUG=1",
					"$(inherited)",
				);
				INFOPLIST_FILE = PenPalApp2.3Tests/Info.plist;
				LD_RUNPATH_SEARCH_PATHS = "$(inherited) @executable_path/Frameworks @loader_path/Frameworks";
				PRODUCT_NAME = "$(TARGET_NAME)";
				TEST_HOST = "$(BUILT_PRODUCTS_DIR)/PenPalApp2.3.app/PenPalApp2.3";
			};
			name = Debug;
		};
		FAE92E2D1ADB005E006A1A72 /* Release */ = {
			isa = XCBuildConfiguration;
			buildSettings = {
				BUNDLE_LOADER = "$(TEST_HOST)";
				FRAMEWORK_SEARCH_PATHS = (
					"$(SDKROOT)/Developer/Library/Frameworks",
					"$(inherited)",
				);
				INFOPLIST_FILE = PenPalApp2.3Tests/Info.plist;
				LD_RUNPATH_SEARCH_PATHS = "$(inherited) @executable_path/Frameworks @loader_path/Frameworks";
				PRODUCT_NAME = "$(TARGET_NAME)";
				TEST_HOST = "$(BUILT_PRODUCTS_DIR)/PenPalApp2.3.app/PenPalApp2.3";
			};
			name = Release;
		};
/* End XCBuildConfiguration section */

/* Begin XCConfigurationList section */
		FAE92DFD1ADB005D006A1A72 /* Build configuration list for PBXProject "PenPalApp2.3" */ = {
			isa = XCConfigurationList;
			buildConfigurations = (
				FAE92E261ADB005E006A1A72 /* Debug */,
				FAE92E271ADB005E006A1A72 /* Release */,
			);
			defaultConfigurationIsVisible = 0;
			defaultConfigurationName = Release;
		};
		FAE92E281ADB005E006A1A72 /* Build configuration list for PBXNativeTarget "PenPalApp2.3" */ = {
			isa = XCConfigurationList;
			buildConfigurations = (
				FAE92E291ADB005E006A1A72 /* Debug */,
				FAE92E2A1ADB005E006A1A72 /* Release */,
			);
			defaultConfigurationIsVisible = 0;
			defaultConfigurationName = Release;
		};
		FAE92E2B1ADB005E006A1A72 /* Build configuration list for PBXNativeTarget "PenPalApp2.3Tests" */ = {
			isa = XCConfigurationList;
			buildConfigurations = (
				FAE92E2C1ADB005E006A1A72 /* Debug */,
				FAE92E2D1ADB005E006A1A72 /* Release */,
			);
			defaultConfigurationIsVisible = 0;
			defaultConfigurationName = Release;
		};
/* End XCConfigurationList section */
	};
	rootObject = FAE92DFA1ADB005D006A1A72 /* Project object */;
}
